
Microsoft Visual Studio Solution File, Format Version 12.00
# Visual Studio 15
VisualStudioVersion = 15.0.28307.1831
MinimumVisualStudioVersion = 10.0.40219.1
Project("{8BC9CEB8-8B4A-11D0-8D11-00A0C91BC942}") = "指针2022_4.7", "指针2022_4.7\指针2022_4.7.vcxproj", "{20E2CEFC-2E9A-42F0-B7C3-7F684DC25911}"
EndProject
Global
	GlobalSection(SolutionConfigurationPlatforms) = preSolution
		Debug|x64 = Debug|x64
		Debug|x86 = Debug|x86
		Release|x64 = Release|x64
		Release|x86 = Release|x86
	EndGlobalSection
	GlobalSection(ProjectConfigurationPlatforms) = postSolution
		{20E2CEFC-2E9A-42F0-B7C3-7F684DC25911}.Debug|x64.ActiveCfg = Debug|x64
		{20E2CEFC-2E9A-42F0-B7C3-7F684DC25911}.Debug|x64.Build.0 = Debug|x64
		{20E2CEFC-2E9A-42F0-B7C3-7F684DC25911}.Debug|x86.ActiveCfg = Debug|Win32
		{20E2CEFC-2E9A-42F0-B7C3-7F684DC25911}.Debug|x86.Build.0 = Debug|Win32
		{20E2CEFC-2E9A-42F0-B7C3-7F684DC25911}.Release|x64.ActiveCfg = Release|x64
		{20E2CEFC-2E9A-42F0-B7C3-7F684DC25911}.Release|x64.Build.0 = Release|x64
		{20E2CEFC-2E9A-42F0-B7C3-7F684DC25911}.Release|x86.ActiveCfg = Release|Win32
		{20E2CEFC-2E9A-42F0-B7C3-7F684DC25911}.Release|x86.Build.0 = Release|Win32
	EndGlobalSection
	GlobalSection(SolutionProperties) = preSolution
		HideSolutionNode = FALSE
	EndGlobalSection
	GlobalSection(ExtensibilityGlobals) = postSolution
		SolutionGuid = {C665D8D2-FDEA-4F4B-B8E4-CBEDD225B987}
	EndGlobalSection
EndGlobal
